
Microsoft Visual Studio Solution File, Format Version 12.00
# Visual Studio Version 16
VisualStudioVersion = 16.0.29123.88
MinimumVisualStudioVersion = 10.0.40219.1
Project("{FAE04EC0-301F-11D3-BF4B-00C04F79EFBC}") = "TickTackToe", "TickTackToe\TickTackToe.csproj", "{3D8AA14D-48FE-45C1-BF1F-80CF7247B3C6}"
EndProject
Global
	GlobalSection(SolutionConfigurationPlatforms) = preSolution
		Debug|Any CPU = Debug|Any CPU
		Release|Any CPU = Release|Any CPU
	EndGlobalSection
	GlobalSection(ProjectConfigurationPlatforms) = postSolution
		{3D8AA14D-48FE-45C1-BF1F-80CF7247B3C6}.Debug|Any CPU.ActiveCfg = Debug|Any CPU
		{3D8AA14D-48FE-45C1-BF1F-80CF7247B3C6}.Debug|Any CPU.Build.0 = Debug|Any CPU
		{3D8AA14D-48FE-45C1-BF1F-80CF7247B3C6}.Release|Any CPU.ActiveCfg = Release|Any CPU
		{3D8AA14D-48FE-45C1-BF1F-80CF7247B3C6}.Release|Any CPU.Build.0 = Release|Any CPU
	EndGlobalSection
	GlobalSection(SolutionProperties) = preSolution
		HideSolutionNode = FALSE
	EndGlobalSection
	GlobalSection(ExtensibilityGlobals) = postSolution
		SolutionGuid = {D0F3C41A-91AE-4365-8ECF-BBCB0EE66B64}
	EndGlobalSection
EndGlobal
